# This file is generated by running "yarn install" inside your project.
# Manual changes might be lost - proceed with caution!

__metadata:
  version: 6
  cacheKey: 8

"@creativebulma/bulma-divider@npm:^1.1":
  version: 1.1.0
  resolution: "@creativebulma/bulma-divider@npm:1.1.0"
  checksum: d658a2376374b248ec90fdc3a4221ea7823db28d31e3d613828dbb0abca6635a0fea81415f6e4821e0e62d64064779ebad7550aa985cb4ebc4de55559e3a65e5
  languageName: node
  linkType: hard

"@creativebulma/bulma-tagsinput@npm:^1.0":
  version: 1.0.3
  resolution: "@creativebulma/bulma-tagsinput@npm:1.0.3"
  checksum: d70f5720447050a927e42ea5a4c47d319a78a8b98dcbc34a22b91609e2b7ec69186ade2533732b33dc19e6a9e91d7bbfe38d1a9dff1ea5826305ebc0556aaf2f
  languageName: node
  linkType: hard

"@mdi/font@npm:^7.2":
  version: 7.2.96
  resolution: "@mdi/font@npm:7.2.96"
  checksum: f193bb99175e723864a7fd4010594637395a77c8011668f65856aa65abd70848239ab8642fe8aabb0f57f0ffe513a32687fddcd1a927f5aa6c7329b8d8c13e75
  languageName: node
  linkType: hard

"adventure@workspace:.":
  version: 0.0.0-use.local
  resolution: "adventure@workspace:."
  dependencies:
    "@creativebulma/bulma-divider": ^1.1
    "@creativebulma/bulma-tagsinput": ^1.0
    "@mdi/font": ^7.2
    bulma: ^0.9
    bulma-checkradio: ^2.1
    bulma-switch: ^2.0
    jquery: ^3.6
    normalize.css: ^8.0
    typeface-montserrat: ^1.1
    typeface-roboto-mono: ^1.1
  languageName: unknown
  linkType: soft

"bulma-checkradio@npm:^2.1":
  version: 2.1.3
  resolution: "bulma-checkradio@npm:2.1.3"
  dependencies:
    bulma: ^0.9.3
  checksum: 224015dcbded3aa166271a148d1eb9f0257e9919405375a5d3a0468c19059c51d0dfdc64656bd87c46265d5731fa9263b25a3710c851838e6823842295638f74
  languageName: node
  linkType: hard

"bulma-switch@npm:^2.0":
  version: 2.0.4
  resolution: "bulma-switch@npm:2.0.4"
  checksum: e694fb98c5d9431f11282f1c268b79946e31f28cb088315283c81797422653a5c054d075205149352997daa8c0282d94fd2aed3dc1a49cea7cece28374deba18
  languageName: node
  linkType: hard

"bulma@npm:^0.9, bulma@npm:^0.9.3":
  version: 0.9.4
  resolution: "bulma@npm:0.9.4"
  checksum: bc0ab8c203deb0ae200fab5b38547ad4bc8ed1e3abcf6f4ac8a2229af46540419bbcb78c9d2e80f3ddda8825d64fa186ed8775674656cdcabe5544be4d0f3d85
  languageName: node
  linkType: hard

"jquery@npm:^3.6":
  version: 3.7.0
  resolution: "jquery@npm:3.7.0"
  checksum: 907785e133afc427650a131af5fccef66a404885037513b3d4d7d63aee6409bcc32a39836868c60e59b05aa0fb8ace8961c18b2ee3ffdf6ffdb571d6d7cd88ff
  languageName: node
  linkType: hard

"normalize.css@npm:^8.0":
  version: 8.0.1
  resolution: "normalize.css@npm:8.0.1"
  checksum: 4698cae88ec35e3f3e82f9f9402e6ffb906c27ccd6373cad88e6b3f5634fc7a043cb38702472299e5edb73825cf8b18d5fd9283f58829eddda79ea97453049a2
  languageName: node
  linkType: hard

"typeface-montserrat@npm:^1.1":
  version: 1.1.13
  resolution: "typeface-montserrat@npm:1.1.13"
  checksum: f4efa1308731dc75b2e04aa9e61e9b0ca359be412742d5ccac5823ed13a6651a605caebb2a2fab5e7b3ee8ad77276e53d0e468d44250f9644f0556965cccfff5
  languageName: node
  linkType: hard

"typeface-roboto-mono@npm:^1.1":
  version: 1.1.13
  resolution: "typeface-roboto-mono@npm:1.1.13"
  checksum: e6f2e02508d4e34fcf93ad162cee6d935ce2020789b3ca732983e400a60bf2ef687d41296fac90604e71629d20560480cfcf11ba112a26af8673f5f135e50a8f
  languageName: node
  linkType: hard
